
Microsoft Visual Studio Solution File, Format Version 12.00
# Visual Studio Version 17
VisualStudioVersion = 17.5.002.0
MinimumVisualStudioVersion = 10.0.40219.1
Project("{2150E333-8FDC-42A3-9474-1A3956D46DE8}") = "csharp-prep", "csharp-prep", "{E85FB32D-E8EA-4160-9242-6084FA81D78C}"
EndProject
Project("{9A19103F-16F7-4668-BE54-9A1E7A4F7556}") = "Prep1", "csharp-prep\Prep1\Prep1.csproj", "{1E3B1B0D-7E62-4EB2-9518-28BD38C99DA8}"
EndProject
Project("{9A19103F-16F7-4668-BE54-9A1E7A4F7556}") = "Prep2", "csharp-prep\Prep2\Prep2.csproj", "{C6748D89-E672-4DF3-81DC-6260ED438396}"
EndProject
Project("{9A19103F-16F7-4668-BE54-9A1E7A4F7556}") = "Prep3", "csharp-prep\Prep3\Prep3.csproj", "{46E20A15-AE13-4A2C-B017-102DD8E7FB21}"
EndProject
Project("{9A19103F-16F7-4668-BE54-9A1E7A4F7556}") = "Prep4", "csharp-prep\Prep4\Prep4.csproj", "{96A7DEEE-AFFE-4A17-98EC-8ED099573D5D}"
EndProject
Project("{9A19103F-16F7-4668-BE54-9A1E7A4F7556}") = "Prep5", "csharp-prep\Prep5\Prep5.csproj", "{73DFEF66-DCF2-497D-B1A8-30C4F4FCC08F}"
EndProject
Project("{2150E333-8FDC-42A3-9474-1A3956D46DE8}") = "final", "final", "{C503B919-0ABF-41CA-9FA4-4B89BA086535}"
EndProject
Project("{9A19103F-16F7-4668-BE54-9A1E7A4F7556}") = "FinalProject", "final\FinalProject\FinalProject.csproj", "{8581D9F6-CF90-4E97-8E68-C2B089116D16}"
EndProject
Project("{9A19103F-16F7-4668-BE54-9A1E7A4F7556}") = "Foundation1", "final\Foundation1\Foundation1.csproj", "{A59BD95F-A556-41DB-93F0-D7B31A504DEC}"
EndProject
Project("{9A19103F-16F7-4668-BE54-9A1E7A4F7556}") = "Foundation2", "final\Foundation2\Foundation2.csproj", "{E0A5A79F-8B2D-4246-A4F6-A58C12322425}"
EndProject
Project("{9A19103F-16F7-4668-BE54-9A1E7A4F7556}") = "Foundation3", "final\Foundation3\Foundation3.csproj", "{F87CD2B7-E540-4400-B51A-41AE439B3022}"
EndProject
Project("{9A19103F-16F7-4668-BE54-9A1E7A4F7556}") = "Foundation4", "final\Foundation4\Foundation4.csproj", "{5C83812E-FEF6-4928-A015-7A6280A52421}"
EndProject
Project("{2150E333-8FDC-42A3-9474-1A3956D46DE8}") = "prepare", "prepare", "{BF97B053-A0CD-4F59-B055-79E3554048A6}"
EndProject
Project("{9A19103F-16F7-4668-BE54-9A1E7A4F7556}") = "Learning02", "prepare\Learning02\Learning02.csproj", "{83B51916-9540-44FB-905F-6F2379F6C3CF}"
EndProject
Project("{9A19103F-16F7-4668-BE54-9A1E7A4F7556}") = "Learning03", "prepare\Learning03\Learning03.csproj", "{488B99EF-6BC4-408A-8C4B-255E2771CEA9}"
EndProject
Project("{9A19103F-16F7-4668-BE54-9A1E7A4F7556}") = "Learning04", "prepare\Learning04\Learning04.csproj", "{E56DB25D-D801-48F7-A7DA-AB3699171CCF}"
EndProject
Project("{9A19103F-16F7-4668-BE54-9A1E7A4F7556}") = "Learning05", "prepare\Learning05\Learning05.csproj", "{43EE2CA2-CADE-4F5F-BD29-336DAF020DEA}"
EndProject
Project("{2150E333-8FDC-42A3-9474-1A3956D46DE8}") = "prove", "prove", "{9C6EDA63-11FF-4E1A-97C3-0F48253B2F53}"
EndProject
Project("{9A19103F-16F7-4668-BE54-9A1E7A4F7556}") = "Develop02", "prove\Develop02\Develop02.csproj", "{9A50AC16-A37A-4412-AFDC-CA8A5EF6DF3E}"
EndProject
Project("{9A19103F-16F7-4668-BE54-9A1E7A4F7556}") = "Develop03", "prove\Develop03\Develop03.csproj", "{2C435076-EC92-4685-BD31-4DA40073B0FE}"
EndProject
Project("{9A19103F-16F7-4668-BE54-9A1E7A4F7556}") = "Develop04", "prove\Develop04\Develop04.csproj", "{1C789DB1-1C7A-4FAF-9B0B-A0E90B58F0AD}"
EndProject
Project("{9A19103F-16F7-4668-BE54-9A1E7A4F7556}") = "Develop05", "prove\Develop05\Develop05.csproj", "{A074D4B4-1FA0-4EE3-AB74-076FE71E10F9}"
EndProject
Project("{2150E333-8FDC-42A3-9474-1A3956D46DE8}") = "sandbox", "sandbox", "{567F9993-2983-4DE8-B1DE-3FE699F2DBD9}"
EndProject
Project("{9A19103F-16F7-4668-BE54-9A1E7A4F7556}") = "Sandbox", "sandbox\Sandbox\Sandbox.csproj", "{86A52F20-8E67-46FF-8C79-8213344D9F36}"
EndProject
Global
	GlobalSection(SolutionConfigurationPlatforms) = preSolution
		Debug|Any CPU = Debug|Any CPU
		Release|Any CPU = Release|Any CPU
	EndGlobalSection
	GlobalSection(ProjectConfigurationPlatforms) = postSolution
		{1E3B1B0D-7E62-4EB2-9518-28BD38C99DA8}.Debug|Any CPU.ActiveCfg = Debug|Any CPU
		{1E3B1B0D-7E62-4EB2-9518-28BD38C99DA8}.Debug|Any CPU.Build.0 = Debug|Any CPU
		{1E3B1B0D-7E62-4EB2-9518-28BD38C99DA8}.Release|Any CPU.ActiveCfg = Release|Any CPU
		{1E3B1B0D-7E62-4EB2-9518-28BD38C99DA8}.Release|Any CPU.Build.0 = Release|Any CPU
		{C6748D89-E672-4DF3-81DC-6260ED438396}.Debug|Any CPU.ActiveCfg = Debug|Any CPU
		{C6748D89-E672-4DF3-81DC-6260ED438396}.Debug|Any CPU.Build.0 = Debug|Any CPU
		{C6748D89-E672-4DF3-81DC-6260ED438396}.Release|Any CPU.ActiveCfg = Release|Any CPU
		{C6748D89-E672-4DF3-81DC-6260ED438396}.Release|Any CPU.Build.0 = Release|Any CPU
		{46E20A15-AE13-4A2C-B017-102DD8E7FB21}.Debug|Any CPU.ActiveCfg = Debug|Any CPU
		{46E20A15-AE13-4A2C-B017-102DD8E7FB21}.Debug|Any CPU.Build.0 = Debug|Any CPU
		{46E20A15-AE13-4A2C-B017-102DD8E7FB21}.Release|Any CPU.ActiveCfg = Release|Any CPU
		{46E20A15-AE13-4A2C-B017-102DD8E7FB21}.Release|Any CPU.Build.0 = Release|Any CPU
		{96A7DEEE-AFFE-4A17-98EC-8ED099573D5D}.Debug|Any CPU.ActiveCfg = Debug|Any CPU
		{96A7DEEE-AFFE-4A17-98EC-8ED099573D5D}.Debug|Any CPU.Build.0 = Debug|Any CPU
		{96A7DEEE-AFFE-4A17-98EC-8ED099573D5D}.Release|Any CPU.ActiveCfg = Release|Any CPU
		{96A7DEEE-AFFE-4A17-98EC-8ED099573D5D}.Release|Any CPU.Build.0 = Release|Any CPU
		{73DFEF66-DCF2-497D-B1A8-30C4F4FCC08F}.Debug|Any CPU.ActiveCfg = Debug|Any CPU
		{73DFEF66-DCF2-497D-B1A8-30C4F4FCC08F}.Debug|Any CPU.Build.0 = Debug|Any CPU
		{73DFEF66-DCF2-497D-B1A8-30C4F4FCC08F}.Release|Any CPU.ActiveCfg = Release|Any CPU
		{73DFEF66-DCF2-497D-B1A8-30C4F4FCC08F}.Release|Any CPU.Build.0 = Release|Any CPU
		{8581D9F6-CF90-4E97-8E68-C2B089116D16}.Debug|Any CPU.ActiveCfg = Debug|Any CPU
		{8581D9F6-CF90-4E97-8E68-C2B089116D16}.Debug|Any CPU.Build.0 = Debug|Any CPU
		{8581D9F6-CF90-4E97-8E68-C2B089116D16}.Release|Any CPU.ActiveCfg = Release|Any CPU
		{8581D9F6-CF90-4E97-8E68-C2B089116D16}.Release|Any CPU.Build.0 = Release|Any CPU
		{A59BD95F-A556-41DB-93F0-D7B31A504DEC}.Debug|Any CPU.ActiveCfg = Debug|Any CPU
		{A59BD95F-A556-41DB-93F0-D7B31A504DEC}.Debug|Any CPU.Build.0 = Debug|Any CPU
		{A59BD95F-A556-41DB-93F0-D7B31A504DEC}.Release|Any CPU.ActiveCfg = Release|Any CPU
		{A59BD95F-A556-41DB-93F0-D7B31A504DEC}.Release|Any CPU.Build.0 = Release|Any CPU
		{E0A5A79F-8B2D-4246-A4F6-A58C12322425}.Debug|Any CPU.ActiveCfg = Debug|Any CPU
		{E0A5A79F-8B2D-4246-A4F6-A58C12322425}.Debug|Any CPU.Build.0 = Debug|Any CPU
		{E0A5A79F-8B2D-4246-A4F6-A58C12322425}.Release|Any CPU.ActiveCfg = Release|Any CPU
		{E0A5A79F-8B2D-4246-A4F6-A58C12322425}.Release|Any CPU.Build.0 = Release|Any CPU
		{F87CD2B7-E540-4400-B51A-41AE439B3022}.Debug|Any CPU.ActiveCfg = Debug|Any CPU
		{F87CD2B7-E540-4400-B51A-41AE439B3022}.Debug|Any CPU.Build.0 = Debug|Any CPU
		{F87CD2B7-E540-4400-B51A-41AE439B3022}.Release|Any CPU.ActiveCfg = Release|Any CPU
		{F87CD2B7-E540-4400-B51A-41AE439B3022}.Release|Any CPU.Build.0 = Release|Any CPU
		{5C83812E-FEF6-4928-A015-7A6280A52421}.Debug|Any CPU.ActiveCfg = Debug|Any CPU
		{5C83812E-FEF6-4928-A015-7A6280A52421}.Debug|Any CPU.Build.0 = Debug|Any CPU
		{5C83812E-FEF6-4928-A015-7A6280A52421}.Release|Any CPU.ActiveCfg = Release|Any CPU
		{5C83812E-FEF6-4928-A015-7A6280A52421}.Release|Any CPU.Build.0 = Release|Any CPU
		{83B51916-9540-44FB-905F-6F2379F6C3CF}.Debug|Any CPU.ActiveCfg = Debug|Any CPU
		{83B51916-9540-44FB-905F-6F2379F6C3CF}.Debug|Any CPU.Build.0 = Debug|Any CPU
		{83B51916-9540-44FB-905F-6F2379F6C3CF}.Release|Any CPU.ActiveCfg = Release|Any CPU
		{83B51916-9540-44FB-905F-6F2379F6C3CF}.Release|Any CPU.Build.0 = Release|Any CPU
		{488B99EF-6BC4-408A-8C4B-255E2771CEA9}.Debug|Any CPU.ActiveCfg = Debug|Any CPU
		{488B99EF-6BC4-408A-8C4B-255E2771CEA9}.Debug|Any CPU.Build.0 = Debug|Any CPU
		{488B99EF-6BC4-408A-8C4B-255E2771CEA9}.Release|Any CPU.ActiveCfg = Release|Any CPU
		{488B99EF-6BC4-408A-8C4B-255E2771CEA9}.Release|Any CPU.Build.0 = Release|Any CPU
		{E56DB25D-D801-48F7-A7DA-AB3699171CCF}.Debug|Any CPU.ActiveCfg = Debug|Any CPU
		{E56DB25D-D801-48F7-A7DA-AB3699171CCF}.Debug|Any CPU.Build.0 = Debug|Any CPU
		{E56DB25D-D801-48F7-A7DA-AB3699171CCF}.Release|Any CPU.ActiveCfg = Release|Any CPU
		{E56DB25D-D801-48F7-A7DA-AB3699171CCF}.Release|Any CPU.Build.0 = Release|Any CPU
		{43EE2CA2-CADE-4F5F-BD29-336DAF020DEA}.Debug|Any CPU.ActiveCfg = Debug|Any CPU
		{43EE2CA2-CADE-4F5F-BD29-336DAF020DEA}.Debug|Any CPU.Build.0 = Debug|Any CPU
		{43EE2CA2-CADE-4F5F-BD29-336DAF020DEA}.Release|Any CPU.ActiveCfg = Release|Any CPU
		{43EE2CA2-CADE-4F5F-BD29-336DAF020DEA}.Release|Any CPU.Build.0 = Release|Any CPU
		{9A50AC16-A37A-4412-AFDC-CA8A5EF6DF3E}.Debug|Any CPU.ActiveCfg = Debug|Any CPU
		{9A50AC16-A37A-4412-AFDC-CA8A5EF6DF3E}.Debug|Any CPU.Build.0 = Debug|Any CPU
		{9A50AC16-A37A-4412-AFDC-CA8A5EF6DF3E}.Release|Any CPU.ActiveCfg = Release|Any CPU
		{9A50AC16-A37A-4412-AFDC-CA8A5EF6DF3E}.Release|Any CPU.Build.0 = Release|Any CPU
		{2C435076-EC92-4685-BD31-4DA40073B0FE}.Debug|Any CPU.ActiveCfg = Debug|Any CPU
		{2C435076-EC92-4685-BD31-4DA40073B0FE}.Debug|Any CPU.Build.0 = Debug|Any CPU
		{2C435076-EC92-4685-BD31-4DA40073B0FE}.Release|Any CPU.ActiveCfg = Release|Any CPU
		{2C435076-EC92-4685-BD31-4DA40073B0FE}.Release|Any CPU.Build.0 = Release|Any CPU
		{1C789DB1-1C7A-4FAF-9B0B-A0E90B58F0AD}.Debug|Any CPU.ActiveCfg = Debug|Any CPU
		{1C789DB1-1C7A-4FAF-9B0B-A0E90B58F0AD}.Debug|Any CPU.Build.0 = Debug|Any CPU
		{1C789DB1-1C7A-4FAF-9B0B-A0E90B58F0AD}.Release|Any CPU.ActiveCfg = Release|Any CPU
		{1C789DB1-1C7A-4FAF-9B0B-A0E90B58F0AD}.Release|Any CPU.Build.0 = Release|Any CPU
		{A074D4B4-1FA0-4EE3-AB74-076FE71E10F9}.Debug|Any CPU.ActiveCfg = Debug|Any CPU
		{A074D4B4-1FA0-4EE3-AB74-076FE71E10F9}.Debug|Any CPU.Build.0 = Debug|Any CPU
		{A074D4B4-1FA0-4EE3-AB74-076FE71E10F9}.Release|Any CPU.ActiveCfg = Release|Any CPU
		{A074D4B4-1FA0-4EE3-AB74-076FE71E10F9}.Release|Any CPU.Build.0 = Release|Any CPU
		{86A52F20-8E67-46FF-8C79-8213344D9F36}.Debug|Any CPU.ActiveCfg = Debug|Any CPU
		{86A52F20-8E67-46FF-8C79-8213344D9F36}.Debug|Any CPU.Build.0 = Debug|Any CPU
		{86A52F20-8E67-46FF-8C79-8213344D9F36}.Release|Any CPU.ActiveCfg = Release|Any CPU
		{86A52F20-8E67-46FF-8C79-8213344D9F36}.Release|Any CPU.Build.0 = Release|Any CPU
	EndGlobalSection
	GlobalSection(SolutionProperties) = preSolution
		HideSolutionNode = FALSE
	EndGlobalSection
	GlobalSection(NestedProjects) = preSolution
		{1E3B1B0D-7E62-4EB2-9518-28BD38C99DA8} = {E85FB32D-E8EA-4160-9242-6084FA81D78C}
		{C6748D89-E672-4DF3-81DC-6260ED438396} = {E85FB32D-E8EA-4160-9242-6084FA81D78C}
		{46E20A15-AE13-4A2C-B017-102DD8E7FB21} = {E85FB32D-E8EA-4160-9242-6084FA81D78C}
		{96A7DEEE-AFFE-4A17-98EC-8ED099573D5D} = {E85FB32D-E8EA-4160-9242-6084FA81D78C}
		{73DFEF66-DCF2-497D-B1A8-30C4F4FCC08F} = {E85FB32D-E8EA-4160-9242-6084FA81D78C}
		{8581D9F6-CF90-4E97-8E68-C2B089116D16} = {C503B919-0ABF-41CA-9FA4-4B89BA086535}
		{A59BD95F-A556-41DB-93F0-D7B31A504DEC} = {C503B919-0ABF-41CA-9FA4-4B89BA086535}
		{E0A5A79F-8B2D-4246-A4F6-A58C12322425} = {C503B919-0ABF-41CA-9FA4-4B89BA086535}
		{F87CD2B7-E540-4400-B51A-41AE439B3022} = {C503B919-0ABF-41CA-9FA4-4B89BA086535}
		{5C83812E-FEF6-4928-A015-7A6280A52421} = {C503B919-0ABF-41CA-9FA4-4B89BA086535}
		{83B51916-9540-44FB-905F-6F2379F6C3CF} = {BF97B053-A0CD-4F59-B055-79E3554048A6}
		{488B99EF-6BC4-408A-8C4B-255E2771CEA9} = {BF97B053-A0CD-4F59-B055-79E3554048A6}
		{E56DB25D-D801-48F7-A7DA-AB3699171CCF} = {BF97B053-A0CD-4F59-B055-79E3554048A6}
		{43EE2CA2-CADE-4F5F-BD29-336DAF020DEA} = {BF97B053-A0CD-4F59-B055-79E3554048A6}
		{9A50AC16-A37A-4412-AFDC-CA8A5EF6DF3E} = {9C6EDA63-11FF-4E1A-97C3-0F48253B2F53}
		{2C435076-EC92-4685-BD31-4DA40073B0FE} = {9C6EDA63-11FF-4E1A-97C3-0F48253B2F53}
		{1C789DB1-1C7A-4FAF-9B0B-A0E90B58F0AD} = {9C6EDA63-11FF-4E1A-97C3-0F48253B2F53}
		{A074D4B4-1FA0-4EE3-AB74-076FE71E10F9} = {9C6EDA63-11FF-4E1A-97C3-0F48253B2F53}
		{86A52F20-8E67-46FF-8C79-8213344D9F36} = {567F9993-2983-4DE8-B1DE-3FE699F2DBD9}
	EndGlobalSection
	GlobalSection(ExtensibilityGlobals) = postSolution
		SolutionGuid = {4222C67C-4BA1-4009-B00D-FF3444ADE3AA}
	EndGlobalSection
EndGlobal
